
Microsoft Visual Studio Solution File, Format Version 12.00
# Visual Studio Version 16
VisualStudioVersion = 16.0.28803.352
MinimumVisualStudioVersion = 10.0.40219.1
Project("{FAE04EC0-301F-11D3-BF4B-00C04F79EFBC}") = "Process Management", "Process Management\Process Management.csproj", "{5512A57A-BCEA-4123-A113-97CAA04EE3C6}"
EndProject
Global
	GlobalSection(SolutionConfigurationPlatforms) = preSolution
		Debug|Any CPU = Debug|Any CPU
		Release|Any CPU = Release|Any CPU
	EndGlobalSection
	GlobalSection(ProjectConfigurationPlatforms) = postSolution
		{5512A57A-BCEA-4123-A113-97CAA04EE3C6}.Debug|Any CPU.ActiveCfg = Debug|Any CPU
		{5512A57A-BCEA-4123-A113-97CAA04EE3C6}.Debug|Any CPU.Build.0 = Debug|Any CPU
		{5512A57A-BCEA-4123-A113-97CAA04EE3C6}.Release|Any CPU.ActiveCfg = Release|Any CPU
		{5512A57A-BCEA-4123-A113-97CAA04EE3C6}.Release|Any CPU.Build.0 = Release|Any CPU
	EndGlobalSection
	GlobalSection(SolutionProperties) = preSolution
		HideSolutionNode = FALSE
	EndGlobalSection
	GlobalSection(ExtensibilityGlobals) = postSolution
		SolutionGuid = {FA7F9F9E-DD79-4925-BAD1-9F8B92AD6C7D}
	EndGlobalSection
EndGlobal
